
Microsoft Visual Studio Solution File, Format Version 12.00
# Visual Studio Version 16
VisualStudioVersion = 16.0.31624.102
MinimumVisualStudioVersion = 10.0.40219.1
Project("{9A19103F-16F7-4668-BE54-9A1E7A4F7556}") = "DataAccess", "DataAccess\DataAccess.csproj", "{0C865F37-AD73-4DC6-8DFB-0E0A80E73D6E}"
EndProject
Project("{9A19103F-16F7-4668-BE54-9A1E7A4F7556}") = "Business", "Business\Business.csproj", "{683304E6-5D16-4CD7-B3C1-C459A75CDF9B}"
EndProject
Project("{9A19103F-16F7-4668-BE54-9A1E7A4F7556}") = "Entities", "Entities\Entities.csproj", "{5C33FD6E-C519-415D-A230-B8B81A49F891}"
EndProject
Project("{9A19103F-16F7-4668-BE54-9A1E7A4F7556}") = "ConsoleUI", "ConsoleUI\ConsoleUI.csproj", "{A3CBFFDA-7AB8-4BA6-B13A-B719BD4CE01C}"
EndProject
Project("{9A19103F-16F7-4668-BE54-9A1E7A4F7556}") = "Core", "Core\Core.csproj", "{545D98CB-98CD-45C9-86C8-E4A3CE4AE0E9}"
EndProject
Project("{FAE04EC0-301F-11D3-BF4B-00C04F79EFBC}") = "WebAPI", "WebAPI\WebAPI.csproj", "{4851E64F-A8CC-4549-A0BC-FA76E0F6D77C}"
EndProject
Global
	GlobalSection(SolutionConfigurationPlatforms) = preSolution
		Debug|Any CPU = Debug|Any CPU
		Release|Any CPU = Release|Any CPU
	EndGlobalSection
	GlobalSection(ProjectConfigurationPlatforms) = postSolution
		{0C865F37-AD73-4DC6-8DFB-0E0A80E73D6E}.Debug|Any CPU.ActiveCfg = Debug|Any CPU
		{0C865F37-AD73-4DC6-8DFB-0E0A80E73D6E}.Debug|Any CPU.Build.0 = Debug|Any CPU
		{0C865F37-AD73-4DC6-8DFB-0E0A80E73D6E}.Release|Any CPU.ActiveCfg = Release|Any CPU
		{0C865F37-AD73-4DC6-8DFB-0E0A80E73D6E}.Release|Any CPU.Build.0 = Release|Any CPU
		{683304E6-5D16-4CD7-B3C1-C459A75CDF9B}.Debug|Any CPU.ActiveCfg = Debug|Any CPU
		{683304E6-5D16-4CD7-B3C1-C459A75CDF9B}.Debug|Any CPU.Build.0 = Debug|Any CPU
		{683304E6-5D16-4CD7-B3C1-C459A75CDF9B}.Release|Any CPU.ActiveCfg = Release|Any CPU
		{683304E6-5D16-4CD7-B3C1-C459A75CDF9B}.Release|Any CPU.Build.0 = Release|Any CPU
		{5C33FD6E-C519-415D-A230-B8B81A49F891}.Debug|Any CPU.ActiveCfg = Debug|Any CPU
		{5C33FD6E-C519-415D-A230-B8B81A49F891}.Debug|Any CPU.Build.0 = Debug|Any CPU
		{5C33FD6E-C519-415D-A230-B8B81A49F891}.Release|Any CPU.ActiveCfg = Release|Any CPU
		{5C33FD6E-C519-415D-A230-B8B81A49F891}.Release|Any CPU.Build.0 = Release|Any CPU
		{A3CBFFDA-7AB8-4BA6-B13A-B719BD4CE01C}.Debug|Any CPU.ActiveCfg = Debug|Any CPU
		{A3CBFFDA-7AB8-4BA6-B13A-B719BD4CE01C}.Debug|Any CPU.Build.0 = Debug|Any CPU
		{A3CBFFDA-7AB8-4BA6-B13A-B719BD4CE01C}.Release|Any CPU.ActiveCfg = Release|Any CPU
		{A3CBFFDA-7AB8-4BA6-B13A-B719BD4CE01C}.Release|Any CPU.Build.0 = Release|Any CPU
		{545D98CB-98CD-45C9-86C8-E4A3CE4AE0E9}.Debug|Any CPU.ActiveCfg = Debug|Any CPU
		{545D98CB-98CD-45C9-86C8-E4A3CE4AE0E9}.Debug|Any CPU.Build.0 = Debug|Any CPU
		{545D98CB-98CD-45C9-86C8-E4A3CE4AE0E9}.Release|Any CPU.ActiveCfg = Release|Any CPU
		{545D98CB-98CD-45C9-86C8-E4A3CE4AE0E9}.Release|Any CPU.Build.0 = Release|Any CPU
		{4851E64F-A8CC-4549-A0BC-FA76E0F6D77C}.Debug|Any CPU.ActiveCfg = Debug|Any CPU
		{4851E64F-A8CC-4549-A0BC-FA76E0F6D77C}.Debug|Any CPU.Build.0 = Debug|Any CPU
		{4851E64F-A8CC-4549-A0BC-FA76E0F6D77C}.Release|Any CPU.ActiveCfg = Release|Any CPU
		{4851E64F-A8CC-4549-A0BC-FA76E0F6D77C}.Release|Any CPU.Build.0 = Release|Any CPU
	EndGlobalSection
	GlobalSection(SolutionProperties) = preSolution
		HideSolutionNode = FALSE
	EndGlobalSection
	GlobalSection(ExtensibilityGlobals) = postSolution
		SolutionGuid = {4C4EF857-357C-4920-8AAA-CBBDBDDEFF06}
	EndGlobalSection
EndGlobal
